
Microsoft Visual Studio Solution File, Format Version 12.00
# Visual Studio 2013
VisualStudioVersion = 12.0.21005.1
MinimumVisualStudioVersion = 10.0.40219.1
Project("{FAE04EC0-301F-11D3-BF4B-00C04F79EFBC}") = "MongoDbDictionary", "MongoDbDictionary\MongoDbDictionary.csproj", "{E0D5F3DB-B43F-4EA2-8744-9B59130195A1}"
EndProject
Project("{FAE04EC0-301F-11D3-BF4B-00C04F79EFBC}") = "MongoDBConsoleChat", "MongoDBConsoleChat\MongoDBConsoleChat.csproj", "{DF3A15D3-B5FE-46BA-9B15-965AB608FE8C}"
EndProject
Global
	GlobalSection(SolutionConfigurationPlatforms) = preSolution
		Debug|Any CPU = Debug|Any CPU
		Release|Any CPU = Release|Any CPU
	EndGlobalSection
	GlobalSection(ProjectConfigurationPlatforms) = postSolution
		{E0D5F3DB-B43F-4EA2-8744-9B59130195A1}.Debug|Any CPU.ActiveCfg = Debug|Any CPU
		{E0D5F3DB-B43F-4EA2-8744-9B59130195A1}.Debug|Any CPU.Build.0 = Debug|Any CPU
		{E0D5F3DB-B43F-4EA2-8744-9B59130195A1}.Release|Any CPU.ActiveCfg = Release|Any CPU
		{E0D5F3DB-B43F-4EA2-8744-9B59130195A1}.Release|Any CPU.Build.0 = Release|Any CPU
		{DF3A15D3-B5FE-46BA-9B15-965AB608FE8C}.Debug|Any CPU.ActiveCfg = Debug|Any CPU
		{DF3A15D3-B5FE-46BA-9B15-965AB608FE8C}.Debug|Any CPU.Build.0 = Debug|Any CPU
		{DF3A15D3-B5FE-46BA-9B15-965AB608FE8C}.Release|Any CPU.ActiveCfg = Release|Any CPU
		{DF3A15D3-B5FE-46BA-9B15-965AB608FE8C}.Release|Any CPU.Build.0 = Release|Any CPU
	EndGlobalSection
	GlobalSection(SolutionProperties) = preSolution
		HideSolutionNode = FALSE
	EndGlobalSection
EndGlobal
